
Microsoft Visual Studio Solution File, Format Version 12.00
# Visual Studio Version 17
VisualStudioVersion = 17.2.32616.157
MinimumVisualStudioVersion = 10.0.40219.1
Project("{2150E333-8FDC-42A3-9474-1A3956D46DE8}") = "Docs", "Docs", "{76413BF3-8A75-47C3-AEE8-95A6D16229AB}"
	ProjectSection(SolutionItems) = preProject
		References.txt = References.txt
		TODO.txt = TODO.txt
	EndProjectSection
EndProject
Project("{2150E333-8FDC-42A3-9474-1A3956D46DE8}") = "src", "src", "{4AD14A02-9FC7-4283-BF8D-2D6A2610BAFB}"
EndProject
Project("{9A19103F-16F7-4668-BE54-9A1E7A4F7556}") = "Am.Api", "Am.Api\Am.Api.csproj", "{D557E71C-723F-4525-9A6A-AAF3AA6355EF}"
EndProject
Project("{9A19103F-16F7-4668-BE54-9A1E7A4F7556}") = "Am.Infrastructure", "Am.Infrastructure\Am.Infrastructure.csproj", "{706FE2E9-B5E3-4664-A2E0-AF075DB263DC}"
EndProject
Project("{9A19103F-16F7-4668-BE54-9A1E7A4F7556}") = "Am.Service", "Am.Service\Am.Service.csproj", "{1A554882-0C67-4EA2-BE69-381A9E91F8C3}"
EndProject
Project("{9A19103F-16F7-4668-BE54-9A1E7A4F7556}") = "Am.Repository.Ef", "Am.Repository.Ef\Am.Repository.Ef.csproj", "{37AACF12-06F8-4E97-9384-C8A48BB36701}"
EndProject
Project("{9A19103F-16F7-4668-BE54-9A1E7A4F7556}") = "Am.Repository.Dapper", "Am.Repository.Dapper\Am.Repository.Dapper.csproj", "{5D768979-2873-4C54-A716-B8E95BD005E4}"
EndProject
Global
	GlobalSection(SolutionConfigurationPlatforms) = preSolution
		Debug|Any CPU = Debug|Any CPU
		Release|Any CPU = Release|Any CPU
	EndGlobalSection
	GlobalSection(ProjectConfigurationPlatforms) = postSolution
		{D557E71C-723F-4525-9A6A-AAF3AA6355EF}.Debug|Any CPU.ActiveCfg = Debug|Any CPU
		{D557E71C-723F-4525-9A6A-AAF3AA6355EF}.Debug|Any CPU.Build.0 = Debug|Any CPU
		{D557E71C-723F-4525-9A6A-AAF3AA6355EF}.Release|Any CPU.ActiveCfg = Release|Any CPU
		{D557E71C-723F-4525-9A6A-AAF3AA6355EF}.Release|Any CPU.Build.0 = Release|Any CPU
		{706FE2E9-B5E3-4664-A2E0-AF075DB263DC}.Debug|Any CPU.ActiveCfg = Debug|Any CPU
		{706FE2E9-B5E3-4664-A2E0-AF075DB263DC}.Debug|Any CPU.Build.0 = Debug|Any CPU
		{706FE2E9-B5E3-4664-A2E0-AF075DB263DC}.Release|Any CPU.ActiveCfg = Release|Any CPU
		{706FE2E9-B5E3-4664-A2E0-AF075DB263DC}.Release|Any CPU.Build.0 = Release|Any CPU
		{1A554882-0C67-4EA2-BE69-381A9E91F8C3}.Debug|Any CPU.ActiveCfg = Debug|Any CPU
		{1A554882-0C67-4EA2-BE69-381A9E91F8C3}.Debug|Any CPU.Build.0 = Debug|Any CPU
		{1A554882-0C67-4EA2-BE69-381A9E91F8C3}.Release|Any CPU.ActiveCfg = Release|Any CPU
		{1A554882-0C67-4EA2-BE69-381A9E91F8C3}.Release|Any CPU.Build.0 = Release|Any CPU
		{37AACF12-06F8-4E97-9384-C8A48BB36701}.Debug|Any CPU.ActiveCfg = Debug|Any CPU
		{37AACF12-06F8-4E97-9384-C8A48BB36701}.Debug|Any CPU.Build.0 = Debug|Any CPU
		{37AACF12-06F8-4E97-9384-C8A48BB36701}.Release|Any CPU.ActiveCfg = Release|Any CPU
		{37AACF12-06F8-4E97-9384-C8A48BB36701}.Release|Any CPU.Build.0 = Release|Any CPU
		{5D768979-2873-4C54-A716-B8E95BD005E4}.Debug|Any CPU.ActiveCfg = Debug|Any CPU
		{5D768979-2873-4C54-A716-B8E95BD005E4}.Debug|Any CPU.Build.0 = Debug|Any CPU
		{5D768979-2873-4C54-A716-B8E95BD005E4}.Release|Any CPU.ActiveCfg = Release|Any CPU
		{5D768979-2873-4C54-A716-B8E95BD005E4}.Release|Any CPU.Build.0 = Release|Any CPU
	EndGlobalSection
	GlobalSection(SolutionProperties) = preSolution
		HideSolutionNode = FALSE
	EndGlobalSection
	GlobalSection(NestedProjects) = preSolution
		{D557E71C-723F-4525-9A6A-AAF3AA6355EF} = {4AD14A02-9FC7-4283-BF8D-2D6A2610BAFB}
		{706FE2E9-B5E3-4664-A2E0-AF075DB263DC} = {4AD14A02-9FC7-4283-BF8D-2D6A2610BAFB}
		{1A554882-0C67-4EA2-BE69-381A9E91F8C3} = {4AD14A02-9FC7-4283-BF8D-2D6A2610BAFB}
		{37AACF12-06F8-4E97-9384-C8A48BB36701} = {4AD14A02-9FC7-4283-BF8D-2D6A2610BAFB}
		{5D768979-2873-4C54-A716-B8E95BD005E4} = {4AD14A02-9FC7-4283-BF8D-2D6A2610BAFB}
	EndGlobalSection
	GlobalSection(ExtensibilityGlobals) = postSolution
		SolutionGuid = {E5DD7E55-BFE7-40BB-BCE8-BE3FDB9D9B16}
	EndGlobalSection
EndGlobal
